
Microsoft Visual Studio Solution File, Format Version 12.00
# Visual Studio Version 16
VisualStudioVersion = 16.0.30204.135
MinimumVisualStudioVersion = 10.0.40219.1
Project("{159641D6-6404-4A2A-AE62-294DE0FE8301}") = "Proyecto BI", "Proyecto BI\Proyecto BI.dtproj", "{0ACB9361-B68E-4045-AEE7-BD47649ABA43}"
EndProject
Global
	GlobalSection(SolutionConfigurationPlatforms) = preSolution
		Development|Default = Development|Default
	EndGlobalSection
	GlobalSection(ProjectConfigurationPlatforms) = postSolution
		{0ACB9361-B68E-4045-AEE7-BD47649ABA43}.Development|Default.ActiveCfg = Development
		{0ACB9361-B68E-4045-AEE7-BD47649ABA43}.Development|Default.Build.0 = Development
	EndGlobalSection
	GlobalSection(SolutionProperties) = preSolution
		HideSolutionNode = FALSE
	EndGlobalSection
	GlobalSection(ExtensibilityGlobals) = postSolution
		SolutionGuid = {B7689ADD-BB67-44FF-ACA2-E2B0554E4930}
	EndGlobalSection
EndGlobal
